
Microsoft Visual Studio Solution File, Format Version 12.00
# Visual Studio Version 17
VisualStudioVersion = 17.9.34714.143
MinimumVisualStudioVersion = 10.0.40219.1
Project("{9A19103F-16F7-4668-BE54-9A1E7A4F7556}") = "Proyect_two", "Proyect_two.csproj", "{E9418C38-1C67-4363-BB2F-106CD1FF0340}"
EndProject
Global
	GlobalSection(SolutionConfigurationPlatforms) = preSolution
		Debug|Any CPU = Debug|Any CPU
		Release|Any CPU = Release|Any CPU
	EndGlobalSection
	GlobalSection(ProjectConfigurationPlatforms) = postSolution
		{E9418C38-1C67-4363-BB2F-106CD1FF0340}.Debug|Any CPU.ActiveCfg = Debug|Any CPU
		{E9418C38-1C67-4363-BB2F-106CD1FF0340}.Debug|Any CPU.Build.0 = Debug|Any CPU
		{E9418C38-1C67-4363-BB2F-106CD1FF0340}.Release|Any CPU.ActiveCfg = Release|Any CPU
		{E9418C38-1C67-4363-BB2F-106CD1FF0340}.Release|Any CPU.Build.0 = Release|Any CPU
	EndGlobalSection
	GlobalSection(SolutionProperties) = preSolution
		HideSolutionNode = FALSE
	EndGlobalSection
	GlobalSection(ExtensibilityGlobals) = postSolution
		SolutionGuid = {8E0E3DBF-784F-4182-84ED-B0E90C90209A}
	EndGlobalSection
EndGlobal
